
Microsoft Visual Studio Solution File, Format Version 12.00
# Visual Studio Version 17
VisualStudioVersion = 17.8.34309.116
MinimumVisualStudioVersion = 10.0.40219.1
Project("{9A19103F-16F7-4668-BE54-9A1E7A4F7556}") = "EShop.ENTITIES", "EShop.ENTITIES\EShop.ENTITIES.csproj", "{EDF37B07-EF11-4514-AD6D-DD239770BE7C}"
EndProject
Project("{9A19103F-16F7-4668-BE54-9A1E7A4F7556}") = "EShop.CONF", "EShop.CONF\EShop.CONF.csproj", "{14B0ED70-DE65-41CB-B655-B4D4E84E4A85}"
EndProject
Project("{9A19103F-16F7-4668-BE54-9A1E7A4F7556}") = "EShop.DAL", "EShop.DAL\EShop.DAL.csproj", "{8A85BBCB-8F03-4FD7-B192-66B476938774}"
EndProject
Project("{9A19103F-16F7-4668-BE54-9A1E7A4F7556}") = "EShop.BLL", "EShop.BLL\EShop.BLL.csproj", "{F9BEDA9D-BB23-4E57-B14D-8CBE59CBD24F}"
EndProject
Project("{FAE04EC0-301F-11D3-BF4B-00C04F79EFBC}") = "EShop.COREMVC", "EShop.COREMVC\EShop.COREMVC.csproj", "{0B31E7F9-5E07-4066-A49B-082ECF00925A}"
EndProject
Global
	GlobalSection(SolutionConfigurationPlatforms) = preSolution
		Debug|Any CPU = Debug|Any CPU
		Release|Any CPU = Release|Any CPU
	EndGlobalSection
	GlobalSection(ProjectConfigurationPlatforms) = postSolution
		{EDF37B07-EF11-4514-AD6D-DD239770BE7C}.Debug|Any CPU.ActiveCfg = Debug|Any CPU
		{EDF37B07-EF11-4514-AD6D-DD239770BE7C}.Debug|Any CPU.Build.0 = Debug|Any CPU
		{EDF37B07-EF11-4514-AD6D-DD239770BE7C}.Release|Any CPU.ActiveCfg = Release|Any CPU
		{EDF37B07-EF11-4514-AD6D-DD239770BE7C}.Release|Any CPU.Build.0 = Release|Any CPU
		{14B0ED70-DE65-41CB-B655-B4D4E84E4A85}.Debug|Any CPU.ActiveCfg = Debug|Any CPU
		{14B0ED70-DE65-41CB-B655-B4D4E84E4A85}.Debug|Any CPU.Build.0 = Debug|Any CPU
		{14B0ED70-DE65-41CB-B655-B4D4E84E4A85}.Release|Any CPU.ActiveCfg = Release|Any CPU
		{14B0ED70-DE65-41CB-B655-B4D4E84E4A85}.Release|Any CPU.Build.0 = Release|Any CPU
		{8A85BBCB-8F03-4FD7-B192-66B476938774}.Debug|Any CPU.ActiveCfg = Debug|Any CPU
		{8A85BBCB-8F03-4FD7-B192-66B476938774}.Debug|Any CPU.Build.0 = Debug|Any CPU
		{8A85BBCB-8F03-4FD7-B192-66B476938774}.Release|Any CPU.ActiveCfg = Release|Any CPU
		{8A85BBCB-8F03-4FD7-B192-66B476938774}.Release|Any CPU.Build.0 = Release|Any CPU
		{F9BEDA9D-BB23-4E57-B14D-8CBE59CBD24F}.Debug|Any CPU.ActiveCfg = Debug|Any CPU
		{F9BEDA9D-BB23-4E57-B14D-8CBE59CBD24F}.Debug|Any CPU.Build.0 = Debug|Any CPU
		{F9BEDA9D-BB23-4E57-B14D-8CBE59CBD24F}.Release|Any CPU.ActiveCfg = Release|Any CPU
		{F9BEDA9D-BB23-4E57-B14D-8CBE59CBD24F}.Release|Any CPU.Build.0 = Release|Any CPU
		{0B31E7F9-5E07-4066-A49B-082ECF00925A}.Debug|Any CPU.ActiveCfg = Debug|Any CPU
		{0B31E7F9-5E07-4066-A49B-082ECF00925A}.Debug|Any CPU.Build.0 = Debug|Any CPU
		{0B31E7F9-5E07-4066-A49B-082ECF00925A}.Release|Any CPU.ActiveCfg = Release|Any CPU
		{0B31E7F9-5E07-4066-A49B-082ECF00925A}.Release|Any CPU.Build.0 = Release|Any CPU
	EndGlobalSection
	GlobalSection(SolutionProperties) = preSolution
		HideSolutionNode = FALSE
	EndGlobalSection
	GlobalSection(ExtensibilityGlobals) = postSolution
		SolutionGuid = {78852044-7708-410D-9D52-AD1014823E1C}
	EndGlobalSection
EndGlobal
